
Microsoft Visual Studio Solution File, Format Version 12.00
# Visual Studio Version 16
VisualStudioVersion = 16.0.30717.126
MinimumVisualStudioVersion = 10.0.40219.1
Project("{9A19103F-16F7-4668-BE54-9A1E7A4F7556}") = "Acc.Api", "Acc.Api\Acc.Api.csproj", "{C2E4DA6D-3620-4631-8133-C7B54C75E9A2}"
EndProject
Project("{9A19103F-16F7-4668-BE54-9A1E7A4F7556}") = "GenerateFunctionPostgres", "GenerateFunctionPostgres\GenerateFunctionPostgres.csproj", "{F53E49EA-6BF7-4376-B4A6-017973117B16}"
EndProject
Global
	GlobalSection(SolutionConfigurationPlatforms) = preSolution
		Debug|Any CPU = Debug|Any CPU
		Release|Any CPU = Release|Any CPU
	EndGlobalSection
	GlobalSection(ProjectConfigurationPlatforms) = postSolution
		{C2E4DA6D-3620-4631-8133-C7B54C75E9A2}.Debug|Any CPU.ActiveCfg = Debug|Any CPU
		{C2E4DA6D-3620-4631-8133-C7B54C75E9A2}.Debug|Any CPU.Build.0 = Debug|Any CPU
		{C2E4DA6D-3620-4631-8133-C7B54C75E9A2}.Release|Any CPU.ActiveCfg = Release|Any CPU
		{C2E4DA6D-3620-4631-8133-C7B54C75E9A2}.Release|Any CPU.Build.0 = Release|Any CPU
		{F53E49EA-6BF7-4376-B4A6-017973117B16}.Debug|Any CPU.ActiveCfg = Debug|Any CPU
		{F53E49EA-6BF7-4376-B4A6-017973117B16}.Debug|Any CPU.Build.0 = Debug|Any CPU
		{F53E49EA-6BF7-4376-B4A6-017973117B16}.Release|Any CPU.ActiveCfg = Release|Any CPU
		{F53E49EA-6BF7-4376-B4A6-017973117B16}.Release|Any CPU.Build.0 = Release|Any CPU
	EndGlobalSection
	GlobalSection(SolutionProperties) = preSolution
		HideSolutionNode = FALSE
	EndGlobalSection
	GlobalSection(ExtensibilityGlobals) = postSolution
		SolutionGuid = {0CEE6AE4-7EEC-43D4-8DE0-2AD751C90F57}
	EndGlobalSection
EndGlobal
